
Microsoft Visual Studio Solution File, Format Version 12.00
# Visual Studio Version 16
VisualStudioVersion = 16.0.32602.291
MinimumVisualStudioVersion = 10.0.40219.1
Project("{888888A0-9F3D-457C-B088-3A5042F75D52}") = "Map_Project", "Map_Project\Map_Project.pyproj", "{CC7F6703-66C8-432C-A90E-AEFD4FE97197}"
EndProject
Global
	GlobalSection(SolutionConfigurationPlatforms) = preSolution
		Debug|Any CPU = Debug|Any CPU
		Release|Any CPU = Release|Any CPU
	EndGlobalSection
	GlobalSection(ProjectConfigurationPlatforms) = postSolution
		{CC7F6703-66C8-432C-A90E-AEFD4FE97197}.Debug|Any CPU.ActiveCfg = Debug|Any CPU
		{CC7F6703-66C8-432C-A90E-AEFD4FE97197}.Release|Any CPU.ActiveCfg = Release|Any CPU
	EndGlobalSection
	GlobalSection(SolutionProperties) = preSolution
		HideSolutionNode = FALSE
	EndGlobalSection
	GlobalSection(ExtensibilityGlobals) = postSolution
		SolutionGuid = {7D03DD40-29AB-4CC5-9480-E166DC58E8EF}
	EndGlobalSection
EndGlobal
